// !$*UTF8*$!
{
	archiveVersion = 1;
	classes = {
	};
	objectVersion = 56;
	objects = {

/* Begin PBXBuildFile section */
		7F00AB1E2BFB22B900A5FF87 /* StartView.swift in Sources */ = {isa = PBXBuildFile; fileRef = 7F00AB1D2BFB22B900A5FF87 /* StartView.swift */; };
		7F00AB202BFB22D200A5FF87 /* StartViewModel.swift in Sources */ = {isa = PBXBuildFile; fileRef = 7F00AB1F2BFB22D200A5FF87 /* StartViewModel.swift */; };
		7F00AB232BFB22EB00A5FF87 /* MainView.swift in Sources */ = {isa = PBXBuildFile; fileRef = 7F00AB222BFB22EB00A5FF87 /* MainView.swift */; };
		7F00AB252BFB22FF00A5FF87 /* MainViewModel.swift in Sources */ = {isa = PBXBuildFile; fileRef = 7F00AB242BFB22FF00A5FF87 /* MainViewModel.swift */; };
		7F00AB282BFB233600A5FF87 /* ClimateView.swift in Sources */ = {isa = PBXBuildFile; fileRef = 7F00AB272BFB233600A5FF87 /* ClimateView.swift */; };
		7F00AB2A2BFB234A00A5FF87 /* ClimateViewModel.swift in Sources */ = {isa = PBXBuildFile; fileRef = 7F00AB292BFB234A00A5FF87 /* ClimateViewModel.swift */; };
		7F00AB2C2BFB236000A5FF87 /* ActionSheetView.swift in Sources */ = {isa = PBXBuildFile; fileRef = 7F00AB2B2BFB236000A5FF87 /* ActionSheetView.swift */; };
		7F00AB2F2BFB238700A5FF87 /* ActionSheetViewModel.swift in Sources */ = {isa = PBXBuildFile; fileRef = 7F00AB2E2BFB238700A5FF87 /* ActionSheetViewModel.swift */; };
		7F00AB322BFB23A500A5FF87 /* TeslaLogoView.swift in Sources */ = {isa = PBXBuildFile; fileRef = 7F00AB312BFB23A500A5FF87 /* TeslaLogoView.swift */; };
		7F00AB342BFB23B700A5FF87 /* TeslaLogoViewModel.swift in Sources */ = {isa = PBXBuildFile; fileRef = 7F00AB332BFB23B700A5FF87 /* TeslaLogoViewModel.swift */; };
		7F00AB372BFB23DE00A5FF87 /* ClimateSliderView.swift in Sources */ = {isa = PBXBuildFile; fileRef = 7F00AB362BFB23DE00A5FF87 /* ClimateSliderView.swift */; };
		7F00AB392BFB240400A5FF87 /* NeumorphismCircleButtonUnSelectedCircle.swift in Sources */ = {isa = PBXBuildFile; fileRef = 7F00AB382BFB240400A5FF87 /* NeumorphismCircleButtonUnSelectedCircle.swift */; };
		7F00AB3B2BFB241F00A5FF87 /* NeumorphismSelected.swift in Sources */ = {isa = PBXBuildFile; fileRef = 7F00AB3A2BFB241F00A5FF87 /* NeumorphismSelected.swift */; };
		7F00AB3D2BFB243700A5FF87 /* NeumorphismUnSelected.swift in Sources */ = {isa = PBXBuildFile; fileRef = 7F00AB3C2BFB243700A5FF87 /* NeumorphismUnSelected.swift */; };
		7F00AB3F2BFB244E00A5FF87 /* NeumorphismUnSelectedCircle.swift in Sources */ = {isa = PBXBuildFile; fileRef = 7F00AB3E2BFB244E00A5FF87 /* NeumorphismUnSelectedCircle.swift */; };
		7F00AB412BFB246500A5FF87 /* TeslaLogoShape.swift in Sources */ = {isa = PBXBuildFile; fileRef = 7F00AB402BFB246500A5FF87 /* TeslaLogoShape.swift */; };
		7F00AB452BFB249500A5FF87 /* TeslaCharger.swift in Sources */ = {isa = PBXBuildFile; fileRef = 7F00AB442BFB249500A5FF87 /* TeslaCharger.swift */; };
		7F00AB472BFB24A600A5FF87 /* ChargingView.swift in Sources */ = {isa = PBXBuildFile; fileRef = 7F00AB462BFB24A600A5FF87 /* ChargingView.swift */; };
		7F00AB492BFB24C000A5FF87 /* ChargingViewModel.swift in Sources */ = {isa = PBXBuildFile; fileRef = 7F00AB482BFB24C000A5FF87 /* ChargingViewModel.swift */; };
		7F00AB4B2BFB24CF00A5FF87 /* ChargeShape.swift in Sources */ = {isa = PBXBuildFile; fileRef = 7F00AB4A2BFB24CF00A5FF87 /* ChargeShape.swift */; };
		7F00AB4E2BFB250D00A5FF87 /* TeslaTabBarShape.swift in Sources */ = {isa = PBXBuildFile; fileRef = 7F00AB4D2BFB250D00A5FF87 /* TeslaTabBarShape.swift */; };
		7F00AB502BFB252300A5FF87 /* TabItemPreferenceKey.swift in Sources */ = {isa = PBXBuildFile; fileRef = 7F00AB4F2BFB252300A5FF87 /* TabItemPreferenceKey.swift */; };
		7F00AB522BFB255200A5FF87 /* TeslaTabBarView.swift in Sources */ = {isa = PBXBuildFile; fileRef = 7F00AB512BFB255200A5FF87 /* TeslaTabBarView.swift */; };
		7F00AB542BFB256300A5FF87 /* MainTabBarView.swift in Sources */ = {isa = PBXBuildFile; fileRef = 7F00AB532BFB256300A5FF87 /* MainTabBarView.swift */; };
		7F00AB562BFB257900A5FF87 /* TabItemModifier.swift in Sources */ = {isa = PBXBuildFile; fileRef = 7F00AB552BFB257900A5FF87 /* TabItemModifier.swift */; };
		7F00AB582BFB258700A5FF87 /* TabItem.swift in Sources */ = {isa = PBXBuildFile; fileRef = 7F00AB572BFB258700A5FF87 /* TabItem.swift */; };
		7F00AB5A2BFB25A200A5FF87 /* View+Extension.swift in Sources */ = {isa = PBXBuildFile; fileRef = 7F00AB592BFB25A200A5FF87 /* View+Extension.swift */; };
		7F00AB5C2BFB25BB00A5FF87 /* Color+Extension.swift in Sources */ = {isa = PBXBuildFile; fileRef = 7F00AB5B2BFB25BB00A5FF87 /* Color+Extension.swift */; };
		7F6D4D0A2BF218B100424557 /* TeslaAppApp.swift in Sources */ = {isa = PBXBuildFile; fileRef = 7F6D4D092BF218B100424557 /* TeslaAppApp.swift */; };
		7F6D4D0E2BF218B100424557 /* Assets.xcassets in Resources */ = {isa = PBXBuildFile; fileRef = 7F6D4D0D2BF218B100424557 /* Assets.xcassets */; };
		7F6D4D112BF218B100424557 /* Preview Assets.xcassets in Resources */ = {isa = PBXBuildFile; fileRef = 7F6D4D102BF218B100424557 /* Preview Assets.xcassets */; };
/* End PBXBuildFile section */

/* Begin PBXFileReference section */
		7F00AB1D2BFB22B900A5FF87 /* StartView.swift */ = {isa = PBXFileReference; lastKnownFileType = sourcecode.swift; path = StartView.swift; sourceTree = "<group>"; };
		7F00AB1F2BFB22D200A5FF87 /* StartViewModel.swift */ = {isa = PBXFileReference; lastKnownFileType = sourcecode.swift; path = StartViewModel.swift; sourceTree = "<group>"; };
		7F00AB222BFB22EB00A5FF87 /* MainView.swift */ = {isa = PBXFileReference; lastKnownFileType = sourcecode.swift; path = MainView.swift; sourceTree = "<group>"; };
		7F00AB242BFB22FF00A5FF87 /* MainViewModel.swift */ = {isa = PBXFileReference; lastKnownFileType = sourcecode.swift; path = MainViewModel.swift; sourceTree = "<group>"; };
		7F00AB272BFB233600A5FF87 /* ClimateView.swift */ = {isa = PBXFileReference; lastKnownFileType = sourcecode.swift; path = ClimateView.swift; sourceTree = "<group>"; };
		7F00AB292BFB234A00A5FF87 /* ClimateViewModel.swift */ = {isa = PBXFileReference; lastKnownFileType = sourcecode.swift; path = ClimateViewModel.swift; sourceTree = "<group>"; };
		7F00AB2B2BFB236000A5FF87 /* ActionSheetView.swift */ = {isa = PBXFileReference; lastKnownFileType = sourcecode.swift; path = ActionSheetView.swift; sourceTree = "<group>"; };
		7F00AB2E2BFB238700A5FF87 /* ActionSheetViewModel.swift */ = {isa = PBXFileReference; lastKnownFileType = sourcecode.swift; path = ActionSheetViewModel.swift; sourceTree = "<group>"; };
		7F00AB312BFB23A500A5FF87 /* TeslaLogoView.swift */ = {isa = PBXFileReference; lastKnownFileType = sourcecode.swift; path = TeslaLogoView.swift; sourceTree = "<group>"; };
		7F00AB332BFB23B700A5FF87 /* TeslaLogoViewModel.swift */ = {isa = PBXFileReference; lastKnownFileType = sourcecode.swift; path = TeslaLogoViewModel.swift; sourceTree = "<group>"; };
		7F00AB362BFB23DE00A5FF87 /* ClimateSliderView.swift */ = {isa = PBXFileReference; lastKnownFileType = sourcecode.swift; path = ClimateSliderView.swift; sourceTree = "<group>"; };
		7F00AB382BFB240400A5FF87 /* NeumorphismCircleButtonUnSelectedCircle.swift */ = {isa = PBXFileReference; lastKnownFileType = sourcecode.swift; path = NeumorphismCircleButtonUnSelectedCircle.swift; sourceTree = "<group>"; };
		7F00AB3A2BFB241F00A5FF87 /* NeumorphismSelected.swift */ = {isa = PBXFileReference; lastKnownFileType = sourcecode.swift; path = NeumorphismSelected.swift; sourceTree = "<group>"; };
		7F00AB3C2BFB243700A5FF87 /* NeumorphismUnSelected.swift */ = {isa = PBXFileReference; lastKnownFileType = sourcecode.swift; path = NeumorphismUnSelected.swift; sourceTree = "<group>"; };
		7F00AB3E2BFB244E00A5FF87 /* NeumorphismUnSelectedCircle.swift */ = {isa = PBXFileReference; lastKnownFileType = sourcecode.swift; path = NeumorphismUnSelectedCircle.swift; sourceTree = "<group>"; };
		7F00AB402BFB246500A5FF87 /* TeslaLogoShape.swift */ = {isa = PBXFileReference; lastKnownFileType = sourcecode.swift; path = TeslaLogoShape.swift; sourceTree = "<group>"; };
		7F00AB442BFB249500A5FF87 /* TeslaCharger.swift */ = {isa = PBXFileReference; lastKnownFileType = sourcecode.swift; path = TeslaCharger.swift; sourceTree = "<group>"; };
		7F00AB462BFB24A600A5FF87 /* ChargingView.swift */ = {isa = PBXFileReference; lastKnownFileType = sourcecode.swift; path = ChargingView.swift; sourceTree = "<group>"; };
		7F00AB482BFB24C000A5FF87 /* ChargingViewModel.swift */ = {isa = PBXFileReference; lastKnownFileType = sourcecode.swift; path = ChargingViewModel.swift; sourceTree = "<group>"; };
		7F00AB4A2BFB24CF00A5FF87 /* ChargeShape.swift */ = {isa = PBXFileReference; lastKnownFileType = sourcecode.swift; path = ChargeShape.swift; sourceTree = "<group>"; };
		7F00AB4D2BFB250D00A5FF87 /* TeslaTabBarShape.swift */ = {isa = PBXFileReference; lastKnownFileType = sourcecode.swift; path = TeslaTabBarShape.swift; sourceTree = "<group>"; };
		7F00AB4F2BFB252300A5FF87 /* TabItemPreferenceKey.swift */ = {isa = PBXFileReference; lastKnownFileType = sourcecode.swift; path = TabItemPreferenceKey.swift; sourceTree = "<group>"; };
		7F00AB512BFB255200A5FF87 /* TeslaTabBarView.swift */ = {isa = PBXFileReference; lastKnownFileType = sourcecode.swift; path = TeslaTabBarView.swift; sourceTree = "<group>"; };
		7F00AB532BFB256300A5FF87 /* MainTabBarView.swift */ = {isa = PBXFileReference; lastKnownFileType = sourcecode.swift; path = MainTabBarView.swift; sourceTree = "<group>"; };
		7F00AB552BFB257900A5FF87 /* TabItemModifier.swift */ = {isa = PBXFileReference; lastKnownFileType = sourcecode.swift; path = TabItemModifier.swift; sourceTree = "<group>"; };
		7F00AB572BFB258700A5FF87 /* TabItem.swift */ = {isa = PBXFileReference; lastKnownFileType = sourcecode.swift; path = TabItem.swift; sourceTree = "<group>"; };
		7F00AB592BFB25A200A5FF87 /* View+Extension.swift */ = {isa = PBXFileReference; lastKnownFileType = sourcecode.swift; path = "View+Extension.swift"; sourceTree = "<group>"; };
		7F00AB5B2BFB25BB00A5FF87 /* Color+Extension.swift */ = {isa = PBXFileReference; lastKnownFileType = sourcecode.swift; path = "Color+Extension.swift"; sourceTree = "<group>"; };
		7F6D4D062BF218B100424557 /* TeslaApp.app */ = {isa = PBXFileReference; explicitFileType = wrapper.application; includeInIndex = 0; path = TeslaApp.app; sourceTree = BUILT_PRODUCTS_DIR; };
		7F6D4D092BF218B100424557 /* TeslaAppApp.swift */ = {isa = PBXFileReference; lastKnownFileType = sourcecode.swift; path = TeslaAppApp.swift; sourceTree = "<group>"; };
		7F6D4D0D2BF218B100424557 /* Assets.xcassets */ = {isa = PBXFileReference; lastKnownFileType = folder.assetcatalog; path = Assets.xcassets; sourceTree = "<group>"; };
		7F6D4D102BF218B100424557 /* Preview Assets.xcassets */ = {isa = PBXFileReference; lastKnownFileType = folder.assetcatalog; path = "Preview Assets.xcassets"; sourceTree = "<group>"; };
/* End PBXFileReference section */

/* Begin PBXFrameworksBuildPhase section */
		7F6D4D032BF218B100424557 /* Frameworks */ = {
			isa = PBXFrameworksBuildPhase;
			buildActionMask = 2147483647;
			files = (
			);
			runOnlyForDeploymentPostprocessing = 0;
		};
/* End PBXFrameworksBuildPhase section */

/* Begin PBXGroup section */
		7F00AB1C2BFB22A600A5FF87 /* StartModule */ = {
			isa = PBXGroup;
			children = (
				7F00AB1D2BFB22B900A5FF87 /* StartView.swift */,
				7F00AB1F2BFB22D200A5FF87 /* StartViewModel.swift */,
			);
			path = StartModule;
			sourceTree = "<group>";
		};
		7F00AB212BFB22DD00A5FF87 /* MainModule */ = {
			isa = PBXGroup;
			children = (
				7F00AB222BFB22EB00A5FF87 /* MainView.swift */,
				7F00AB242BFB22FF00A5FF87 /* MainViewModel.swift */,
			);
			path = MainModule;
			sourceTree = "<group>";
		};
		7F00AB262BFB232500A5FF87 /* ClimateModule */ = {
			isa = PBXGroup;
			children = (
				7F00AB272BFB233600A5FF87 /* ClimateView.swift */,
				7F00AB292BFB234A00A5FF87 /* ClimateViewModel.swift */,
			);
			path = ClimateModule;
			sourceTree = "<group>";
		};
		7F00AB2D2BFB236500A5FF87 /* ActionSheet */ = {
			isa = PBXGroup;
			children = (
				7F00AB2B2BFB236000A5FF87 /* ActionSheetView.swift */,
				7F00AB2E2BFB238700A5FF87 /* ActionSheetViewModel.swift */,
			);
			path = ActionSheet;
			sourceTree = "<group>";
		};
		7F00AB302BFB239700A5FF87 /* LogoModule */ = {
			isa = PBXGroup;
			children = (
				7F00AB312BFB23A500A5FF87 /* TeslaLogoView.swift */,
				7F00AB332BFB23B700A5FF87 /* TeslaLogoViewModel.swift */,
			);
			path = LogoModule;
			sourceTree = "<group>";
		};
		7F00AB352BFB23D000A5FF87 /* Helpers */ = {
			isa = PBXGroup;
			children = (
				7F00AB362BFB23DE00A5FF87 /* ClimateSliderView.swift */,
				7F00AB382BFB240400A5FF87 /* NeumorphismCircleButtonUnSelectedCircle.swift */,
				7F00AB3A2BFB241F00A5FF87 /* NeumorphismSelected.swift */,
				7F00AB3C2BFB243700A5FF87 /* NeumorphismUnSelected.swift */,
				7F00AB3E2BFB244E00A5FF87 /* NeumorphismUnSelectedCircle.swift */,
			);
			path = Helpers;
			sourceTree = "<group>";
		};
		7F00AB432BFB248A00A5FF87 /* Charge */ = {
			isa = PBXGroup;
			children = (
				7F00AB442BFB249500A5FF87 /* TeslaCharger.swift */,
				7F00AB462BFB24A600A5FF87 /* ChargingView.swift */,
				7F00AB482BFB24C000A5FF87 /* ChargingViewModel.swift */,
				7F00AB4A2BFB24CF00A5FF87 /* ChargeShape.swift */,
			);
			path = Charge;
			sourceTree = "<group>";
		};
		7F00AB4C2BFB24FF00A5FF87 /* TabBar */ = {
			isa = PBXGroup;
			children = (
				7F00AB4D2BFB250D00A5FF87 /* TeslaTabBarShape.swift */,
				7F00AB4F2BFB252300A5FF87 /* TabItemPreferenceKey.swift */,
				7F00AB512BFB255200A5FF87 /* TeslaTabBarView.swift */,
				7F00AB532BFB256300A5FF87 /* MainTabBarView.swift */,
				7F00AB552BFB257900A5FF87 /* TabItemModifier.swift */,
				7F00AB572BFB258700A5FF87 /* TabItem.swift */,
			);
			path = TabBar;
			sourceTree = "<group>";
		};
		7F6D4CFD2BF218B100424557 = {
			isa = PBXGroup;
			children = (
				7F6D4D082BF218B100424557 /* TeslaApp */,
				7F6D4D072BF218B100424557 /* Products */,
			);
			sourceTree = "<group>";
		};
		7F6D4D072BF218B100424557 /* Products */ = {
			isa = PBXGroup;
			children = (
				7F6D4D062BF218B100424557 /* TeslaApp.app */,
			);
			name = Products;
			sourceTree = "<group>";
		};
		7F6D4D082BF218B100424557 /* TeslaApp */ = {
			isa = PBXGroup;
			children = (
				7F00AB4C2BFB24FF00A5FF87 /* TabBar */,
				7F00AB432BFB248A00A5FF87 /* Charge */,
				7F00AB352BFB23D000A5FF87 /* Helpers */,
				7F00AB302BFB239700A5FF87 /* LogoModule */,
				7F00AB2D2BFB236500A5FF87 /* ActionSheet */,
				7F00AB262BFB232500A5FF87 /* ClimateModule */,
				7F00AB212BFB22DD00A5FF87 /* MainModule */,
				7F00AB1C2BFB22A600A5FF87 /* StartModule */,
				7F6D4D092BF218B100424557 /* TeslaAppApp.swift */,
				7F6D4D0D2BF218B100424557 /* Assets.xcassets */,
				7F6D4D0F2BF218B100424557 /* Preview Content */,
				7F00AB402BFB246500A5FF87 /* TeslaLogoShape.swift */,
				7F00AB592BFB25A200A5FF87 /* View+Extension.swift */,
				7F00AB5B2BFB25BB00A5FF87 /* Color+Extension.swift */,
			);
			path = TeslaApp;
			sourceTree = "<group>";
		};
		7F6D4D0F2BF218B100424557 /* Preview Content */ = {
			isa = PBXGroup;
			children = (
				7F6D4D102BF218B100424557 /* Preview Assets.xcassets */,
			);
			path = "Preview Content";
			sourceTree = "<group>";
		};
/* End PBXGroup section */

/* Begin PBXNativeTarget section */
		7F6D4D052BF218B100424557 /* TeslaApp */ = {
			isa = PBXNativeTarget;
			buildConfigurationList = 7F6D4D142BF218B100424557 /* Build configuration list for PBXNativeTarget "TeslaApp" */;
			buildPhases = (
				7F6D4D022BF218B100424557 /* Sources */,
				7F6D4D032BF218B100424557 /* Frameworks */,
				7F6D4D042BF218B100424557 /* Resources */,
			);
			buildRules = (
			);
			dependencies = (
			);
			name = TeslaApp;
			productName = TeslaApp;
			productReference = 7F6D4D062BF218B100424557 /* TeslaApp.app */;
			productType = "com.apple.product-type.application";
		};
/* End PBXNativeTarget section */

/* Begin PBXProject section */
		7F6D4CFE2BF218B100424557 /* Project object */ = {
			isa = PBXProject;
			attributes = {
				BuildIndependentTargetsInParallel = 1;
				LastSwiftUpdateCheck = 1500;
				LastUpgradeCheck = 1500;
				TargetAttributes = {
					7F6D4D052BF218B100424557 = {
						CreatedOnToolsVersion = 15.0.1;
					};
				};
			};
			buildConfigurationList = 7F6D4D012BF218B100424557 /* Build configuration list for PBXProject "TeslaApp" */;
			compatibilityVersion = "Xcode 14.0";
			developmentRegion = en;
			hasScannedForEncodings = 0;
			knownRegions = (
				en,
				Base,
			);
			mainGroup = 7F6D4CFD2BF218B100424557;
			productRefGroup = 7F6D4D072BF218B100424557 /* Products */;
			projectDirPath = "";
			projectRoot = "";
			targets = (
				7F6D4D052BF218B100424557 /* TeslaApp */,
			);
		};
/* End PBXProject section */

/* Begin PBXResourcesBuildPhase section */
		7F6D4D042BF218B100424557 /* Resources */ = {
			isa = PBXResourcesBuildPhase;
			buildActionMask = 2147483647;
			files = (
				7F6D4D112BF218B100424557 /* Preview Assets.xcassets in Resources */,
				7F6D4D0E2BF218B100424557 /* Assets.xcassets in Resources */,
			);
			runOnlyForDeploymentPostprocessing = 0;
		};
/* End PBXResourcesBuildPhase section */

/* Begin PBXSourcesBuildPhase section */
		7F6D4D022BF218B100424557 /* Sources */ = {
			isa = PBXSourcesBuildPhase;
			buildActionMask = 2147483647;
			files = (
				7F00AB2C2BFB236000A5FF87 /* ActionSheetView.swift in Sources */,
				7F00AB3D2BFB243700A5FF87 /* NeumorphismUnSelected.swift in Sources */,
				7F00AB3F2BFB244E00A5FF87 /* NeumorphismUnSelectedCircle.swift in Sources */,
				7F00AB232BFB22EB00A5FF87 /* MainView.swift in Sources */,
				7F00AB492BFB24C000A5FF87 /* ChargingViewModel.swift in Sources */,
				7F00AB472BFB24A600A5FF87 /* ChargingView.swift in Sources */,
				7F00AB4B2BFB24CF00A5FF87 /* ChargeShape.swift in Sources */,
				7F00AB582BFB258700A5FF87 /* TabItem.swift in Sources */,
				7F00AB202BFB22D200A5FF87 /* StartViewModel.swift in Sources */,
				7F00AB412BFB246500A5FF87 /* TeslaLogoShape.swift in Sources */,
				7F00AB2F2BFB238700A5FF87 /* ActionSheetViewModel.swift in Sources */,
				7F00AB562BFB257900A5FF87 /* TabItemModifier.swift in Sources */,
				7F00AB4E2BFB250D00A5FF87 /* TeslaTabBarShape.swift in Sources */,
				7F00AB1E2BFB22B900A5FF87 /* StartView.swift in Sources */,
				7F00AB322BFB23A500A5FF87 /* TeslaLogoView.swift in Sources */,
				7F00AB372BFB23DE00A5FF87 /* ClimateSliderView.swift in Sources */,
				7F00AB452BFB249500A5FF87 /* TeslaCharger.swift in Sources */,
				7F00AB502BFB252300A5FF87 /* TabItemPreferenceKey.swift in Sources */,
				7F00AB5A2BFB25A200A5FF87 /* View+Extension.swift in Sources */,
				7F6D4D0A2BF218B100424557 /* TeslaAppApp.swift in Sources */,
				7F00AB3B2BFB241F00A5FF87 /* NeumorphismSelected.swift in Sources */,
				7F00AB5C2BFB25BB00A5FF87 /* Color+Extension.swift in Sources */,
				7F00AB342BFB23B700A5FF87 /* TeslaLogoViewModel.swift in Sources */,
				7F00AB392BFB240400A5FF87 /* NeumorphismCircleButtonUnSelectedCircle.swift in Sources */,
				7F00AB522BFB255200A5FF87 /* TeslaTabBarView.swift in Sources */,
				7F00AB542BFB256300A5FF87 /* MainTabBarView.swift in Sources */,
				7F00AB2A2BFB234A00A5FF87 /* ClimateViewModel.swift in Sources */,
				7F00AB252BFB22FF00A5FF87 /* MainViewModel.swift in Sources */,
				7F00AB282BFB233600A5FF87 /* ClimateView.swift in Sources */,
			);
			runOnlyForDeploymentPostprocessing = 0;
		};
/* End PBXSourcesBuildPhase section */

/* Begin XCBuildConfiguration section */
		7F6D4D122BF218B100424557 /* Debug */ = {
			isa = XCBuildConfiguration;
			buildSettings = {
				ALWAYS_SEARCH_USER_PATHS = NO;
				ASSETCATALOG_COMPILER_GENERATE_SWIFT_ASSET_SYMBOL_EXTENSIONS = YES;
				CLANG_ANALYZER_NONNULL = YES;
				CLANG_ANALYZER_NUMBER_OBJECT_CONVERSION = YES_AGGRESSIVE;
				CLANG_CXX_LANGUAGE_STANDARD = "gnu++20";
				CLANG_ENABLE_MODULES = YES;
				CLANG_ENABLE_OBJC_ARC = YES;
				CLANG_ENABLE_OBJC_WEAK = YES;
				CLANG_WARN_BLOCK_CAPTURE_AUTORELEASING = YES;
				CLANG_WARN_BOOL_CONVERSION = YES;
				CLANG_WARN_COMMA = YES;
				CLANG_WARN_CONSTANT_CONVERSION = YES;
				CLANG_WARN_DEPRECATED_OBJC_IMPLEMENTATIONS = YES;
				CLANG_WARN_DIRECT_OBJC_ISA_USAGE = YES_ERROR;
				CLANG_WARN_DOCUMENTATION_COMMENTS = YES;
				CLANG_WARN_EMPTY_BODY = YES;
				CLANG_WARN_ENUM_CONVERSION = YES;
				CLANG_WARN_INFINITE_RECURSION = YES;
				CLANG_WARN_INT_CONVERSION = YES;
				CLANG_WARN_NON_LITERAL_NULL_CONVERSION = YES;
				CLANG_WARN_OBJC_IMPLICIT_RETAIN_SELF = YES;
				CLANG_WARN_OBJC_LITERAL_CONVERSION = YES;
				CLANG_WARN_OBJC_ROOT_CLASS = YES_ERROR;
				CLANG_WARN_QUOTED_INCLUDE_IN_FRAMEWORK_HEADER = YES;
				CLANG_WARN_RANGE_LOOP_ANALYSIS = YES;
				CLANG_WARN_STRICT_PROTOTYPES = YES;
				CLANG_WARN_SUSPICIOUS_MOVE = YES;
				CLANG_WARN_UNGUARDED_AVAILABILITY = YES_AGGRESSIVE;
				CLANG_WARN_UNREACHABLE_CODE = YES;
				CLANG_WARN__DUPLICATE_METHOD_MATCH = YES;
				COPY_PHASE_STRIP = NO;
				DEBUG_INFORMATION_FORMAT = dwarf;
				ENABLE_STRICT_OBJC_MSGSEND = YES;
				ENABLE_TESTABILITY = YES;
				ENABLE_USER_SCRIPT_SANDBOXING = YES;
				GCC_C_LANGUAGE_STANDARD = gnu17;
				GCC_DYNAMIC_NO_PIC = NO;
				GCC_NO_COMMON_BLOCKS = YES;
				GCC_OPTIMIZATION_LEVEL = 0;
				GCC_PREPROCESSOR_DEFINITIONS = (
					"DEBUG=1",
					"$(inherited)",
				);
				GCC_WARN_64_TO_32_BIT_CONVERSION = YES;
				GCC_WARN_ABOUT_RETURN_TYPE = YES_ERROR;
				GCC_WARN_UNDECLARED_SELECTOR = YES;
				GCC_WARN_UNINITIALIZED_AUTOS = YES_AGGRESSIVE;
				GCC_WARN_UNUSED_FUNCTION = YES;
				GCC_WARN_UNUSED_VARIABLE = YES;
				IPHONEOS_DEPLOYMENT_TARGET = 17.0;
				LOCALIZATION_PREFERS_STRING_CATALOGS = YES;
				MTL_ENABLE_DEBUG_INFO = INCLUDE_SOURCE;
				MTL_FAST_MATH = YES;
				ONLY_ACTIVE_ARCH = YES;
				SDKROOT = iphoneos;
				SWIFT_ACTIVE_COMPILATION_CONDITIONS = "DEBUG $(inherited)";
				SWIFT_OPTIMIZATION_LEVEL = "-Onone";
			};
			name = Debug;
		};
		7F6D4D132BF218B100424557 /* Release */ = {
			isa = XCBuildConfiguration;
			buildSettings = {
				ALWAYS_SEARCH_USER_PATHS = NO;
				ASSETCATALOG_COMPILER_GENERATE_SWIFT_ASSET_SYMBOL_EXTENSIONS = YES;
				CLANG_ANALYZER_NONNULL = YES;
				CLANG_ANALYZER_NUMBER_OBJECT_CONVERSION = YES_AGGRESSIVE;
				CLANG_CXX_LANGUAGE_STANDARD = "gnu++20";
				CLANG_ENABLE_MODULES = YES;
				CLANG_ENABLE_OBJC_ARC = YES;
				CLANG_ENABLE_OBJC_WEAK = YES;
				CLANG_WARN_BLOCK_CAPTURE_AUTORELEASING = YES;
				CLANG_WARN_BOOL_CONVERSION = YES;
				CLANG_WARN_COMMA = YES;
				CLANG_WARN_CONSTANT_CONVERSION = YES;
				CLANG_WARN_DEPRECATED_OBJC_IMPLEMENTATIONS = YES;
				CLANG_WARN_DIRECT_OBJC_ISA_USAGE = YES_ERROR;
				CLANG_WARN_DOCUMENTATION_COMMENTS = YES;
				CLANG_WARN_EMPTY_BODY = YES;
				CLANG_WARN_ENUM_CONVERSION = YES;
				CLANG_WARN_INFINITE_RECURSION = YES;
				CLANG_WARN_INT_CONVERSION = YES;
				CLANG_WARN_NON_LITERAL_NULL_CONVERSION = YES;
				CLANG_WARN_OBJC_IMPLICIT_RETAIN_SELF = YES;
				CLANG_WARN_OBJC_LITERAL_CONVERSION = YES;
				CLANG_WARN_OBJC_ROOT_CLASS = YES_ERROR;
				CLANG_WARN_QUOTED_INCLUDE_IN_FRAMEWORK_HEADER = YES;
				CLANG_WARN_RANGE_LOOP_ANALYSIS = YES;
				CLANG_WARN_STRICT_PROTOTYPES = YES;
				CLANG_WARN_SUSPICIOUS_MOVE = YES;
				CLANG_WARN_UNGUARDED_AVAILABILITY = YES_AGGRESSIVE;
				CLANG_WARN_UNREACHABLE_CODE = YES;
				CLANG_WARN__DUPLICATE_METHOD_MATCH = YES;
				COPY_PHASE_STRIP = NO;
				DEBUG_INFORMATION_FORMAT = "dwarf-with-dsym";
				ENABLE_NS_ASSERTIONS = NO;
				ENABLE_STRICT_OBJC_MSGSEND = YES;
				ENABLE_USER_SCRIPT_SANDBOXING = YES;
				GCC_C_LANGUAGE_STANDARD = gnu17;
				GCC_NO_COMMON_BLOCKS = YES;
				GCC_WARN_64_TO_32_BIT_CONVERSION = YES;
				GCC_WARN_ABOUT_RETURN_TYPE = YES_ERROR;
				GCC_WARN_UNDECLARED_SELECTOR = YES;
				GCC_WARN_UNINITIALIZED_AUTOS = YES_AGGRESSIVE;
				GCC_WARN_UNUSED_FUNCTION = YES;
				GCC_WARN_UNUSED_VARIABLE = YES;
				IPHONEOS_DEPLOYMENT_TARGET = 17.0;
				LOCALIZATION_PREFERS_STRING_CATALOGS = YES;
				MTL_ENABLE_DEBUG_INFO = NO;
				MTL_FAST_MATH = YES;
				SDKROOT = iphoneos;
				SWIFT_COMPILATION_MODE = wholemodule;
				VALIDATE_PRODUCT = YES;
			};
			name = Release;
		};
		7F6D4D152BF218B100424557 /* Debug */ = {
			isa = XCBuildConfiguration;
			buildSettings = {
				ASSETCATALOG_COMPILER_APPICON_NAME = AppIcon;
				ASSETCATALOG_COMPILER_GLOBAL_ACCENT_COLOR_NAME = AccentColor;
				CODE_SIGN_STYLE = Automatic;
				CURRENT_PROJECT_VERSION = 1;
				DEVELOPMENT_ASSET_PATHS = "\"TeslaApp/Preview Content\"";
				ENABLE_PREVIEWS = YES;
				GENERATE_INFOPLIST_FILE = YES;
				INFOPLIST_KEY_UIApplicationSceneManifest_Generation = YES;
				INFOPLIST_KEY_UIApplicationSupportsIndirectInputEvents = YES;
				INFOPLIST_KEY_UILaunchScreen_Generation = YES;
				INFOPLIST_KEY_UISupportedInterfaceOrientations_iPad = "UIInterfaceOrientationPortrait UIInterfaceOrientationPortraitUpsideDown UIInterfaceOrientationLandscapeLeft UIInterfaceOrientationLandscapeRight";
				INFOPLIST_KEY_UISupportedInterfaceOrientations_iPhone = "UIInterfaceOrientationPortrait UIInterfaceOrientationLandscapeLeft UIInterfaceOrientationLandscapeRight";
				LD_RUNPATH_SEARCH_PATHS = (
					"$(inherited)",
					"@executable_path/Frameworks",
				);
				MARKETING_VERSION = 1.0;
				PRODUCT_BUNDLE_IDENTIFIER = adad.TeslaApp;
				PRODUCT_NAME = "$(TARGET_NAME)";
				SWIFT_EMIT_LOC_STRINGS = YES;
				SWIFT_VERSION = 5.0;
				TARGETED_DEVICE_FAMILY = "1,2";
			};
			name = Debug;
		};
		7F6D4D162BF218B100424557 /* Release */ = {
			isa = XCBuildConfiguration;
			buildSettings = {
				ASSETCATALOG_COMPILER_APPICON_NAME = AppIcon;
				ASSETCATALOG_COMPILER_GLOBAL_ACCENT_COLOR_NAME = AccentColor;
				CODE_SIGN_STYLE = Automatic;
				CURRENT_PROJECT_VERSION = 1;
				DEVELOPMENT_ASSET_PATHS = "\"TeslaApp/Preview Content\"";
				ENABLE_PREVIEWS = YES;
				GENERATE_INFOPLIST_FILE = YES;
				INFOPLIST_KEY_UIApplicationSceneManifest_Generation = YES;
				INFOPLIST_KEY_UIApplicationSupportsIndirectInputEvents = YES;
				INFOPLIST_KEY_UILaunchScreen_Generation = YES;
				INFOPLIST_KEY_UISupportedInterfaceOrientations_iPad = "UIInterfaceOrientationPortrait UIInterfaceOrientationPortraitUpsideDown UIInterfaceOrientationLandscapeLeft UIInterfaceOrientationLandscapeRight";
				INFOPLIST_KEY_UISupportedInterfaceOrientations_iPhone = "UIInterfaceOrientationPortrait UIInterfaceOrientationLandscapeLeft UIInterfaceOrientationLandscapeRight";
				LD_RUNPATH_SEARCH_PATHS = (
					"$(inherited)",
					"@executable_path/Frameworks",
				);
				MARKETING_VERSION = 1.0;
				PRODUCT_BUNDLE_IDENTIFIER = adad.TeslaApp;
				PRODUCT_NAME = "$(TARGET_NAME)";
				SWIFT_EMIT_LOC_STRINGS = YES;
				SWIFT_VERSION = 5.0;
				TARGETED_DEVICE_FAMILY = "1,2";
			};
			name = Release;
		};
/* End XCBuildConfiguration section */

/* Begin XCConfigurationList section */
		7F6D4D012BF218B100424557 /* Build configuration list for PBXProject "TeslaApp" */ = {
			isa = XCConfigurationList;
			buildConfigurations = (
				7F6D4D122BF218B100424557 /* Debug */,
				7F6D4D132BF218B100424557 /* Release */,
			);
			defaultConfigurationIsVisible = 0;
			defaultConfigurationName = Release;
		};
		7F6D4D142BF218B100424557 /* Build configuration list for PBXNativeTarget "TeslaApp" */ = {
			isa = XCConfigurationList;
			buildConfigurations = (
				7F6D4D152BF218B100424557 /* Debug */,
				7F6D4D162BF218B100424557 /* Release */,
			);
			defaultConfigurationIsVisible = 0;
			defaultConfigurationName = Release;
		};
/* End XCConfigurationList section */
	};
	rootObject = 7F6D4CFE2BF218B100424557 /* Project object */;
}
